
Microsoft Visual Studio Solution File, Format Version 12.00
# Visual Studio Version 17
VisualStudioVersion = 17.5.33530.505
MinimumVisualStudioVersion = 10.0.40219.1
Project("{FAE04EC0-301F-11D3-BF4B-00C04F79EFBC}") = "robbershootout", "robbershootout\robbershootout.csproj", "{87814463-95A2-426D-87B1-02F02F61520D}"
EndProject
Global
	GlobalSection(SolutionConfigurationPlatforms) = preSolution
		Debug|Any CPU = Debug|Any CPU
		Release|Any CPU = Release|Any CPU
	EndGlobalSection
	GlobalSection(ProjectConfigurationPlatforms) = postSolution
		{87814463-95A2-426D-87B1-02F02F61520D}.Debug|Any CPU.ActiveCfg = Debug|Any CPU
		{87814463-95A2-426D-87B1-02F02F61520D}.Debug|Any CPU.Build.0 = Debug|Any CPU
		{87814463-95A2-426D-87B1-02F02F61520D}.Release|Any CPU.ActiveCfg = Release|Any CPU
		{87814463-95A2-426D-87B1-02F02F61520D}.Release|Any CPU.Build.0 = Release|Any CPU
	EndGlobalSection
	GlobalSection(SolutionProperties) = preSolution
		HideSolutionNode = FALSE
	EndGlobalSection
	GlobalSection(ExtensibilityGlobals) = postSolution
		SolutionGuid = {BCB72141-6192-418B-B100-4392A157CA8D}
	EndGlobalSection
EndGlobal
